
Microsoft Visual Studio Solution File, Format Version 12.00
# Visual Studio Version 17
VisualStudioVersion = 17.0.32126.317
MinimumVisualStudioVersion = 10.0.40219.1
Project("{9A19103F-16F7-4668-BE54-9A1E7A4F7556}") = "SerilogDemoSEQ", "SerilogDemoSEQ\SerilogDemoSEQ.csproj", "{9061626E-5469-4419-9E08-254C6E90B470}"
EndProject
Project("{FAE04EC0-301F-11D3-BF4B-00C04F79EFBC}") = "NLogDemoSEQ", "NLogDemoSEQ\NLogDemoSEQ.csproj", "{7D34856F-978F-4611-879B-F9D4BAEC21AB}"
EndProject
Project("{FAE04EC0-301F-11D3-BF4B-00C04F79EFBC}") = "Log4NetDemoSEQ", "Log4NetDemoSEQ\Log4NetDemoSEQ.csproj", "{EE8BAB17-B016-4EE5-B40C-FF19E2249F92}"
EndProject
Global
	GlobalSection(SolutionConfigurationPlatforms) = preSolution
		Debug|Any CPU = Debug|Any CPU
		Release|Any CPU = Release|Any CPU
	EndGlobalSection
	GlobalSection(ProjectConfigurationPlatforms) = postSolution
		{9061626E-5469-4419-9E08-254C6E90B470}.Debug|Any CPU.ActiveCfg = Debug|Any CPU
		{9061626E-5469-4419-9E08-254C6E90B470}.Debug|Any CPU.Build.0 = Debug|Any CPU
		{9061626E-5469-4419-9E08-254C6E90B470}.Release|Any CPU.ActiveCfg = Release|Any CPU
		{9061626E-5469-4419-9E08-254C6E90B470}.Release|Any CPU.Build.0 = Release|Any CPU
		{7D34856F-978F-4611-879B-F9D4BAEC21AB}.Debug|Any CPU.ActiveCfg = Debug|Any CPU
		{7D34856F-978F-4611-879B-F9D4BAEC21AB}.Debug|Any CPU.Build.0 = Debug|Any CPU
		{7D34856F-978F-4611-879B-F9D4BAEC21AB}.Release|Any CPU.ActiveCfg = Release|Any CPU
		{7D34856F-978F-4611-879B-F9D4BAEC21AB}.Release|Any CPU.Build.0 = Release|Any CPU
		{EE8BAB17-B016-4EE5-B40C-FF19E2249F92}.Debug|Any CPU.ActiveCfg = Debug|Any CPU
		{EE8BAB17-B016-4EE5-B40C-FF19E2249F92}.Debug|Any CPU.Build.0 = Debug|Any CPU
		{EE8BAB17-B016-4EE5-B40C-FF19E2249F92}.Release|Any CPU.ActiveCfg = Release|Any CPU
		{EE8BAB17-B016-4EE5-B40C-FF19E2249F92}.Release|Any CPU.Build.0 = Release|Any CPU
	EndGlobalSection
	GlobalSection(SolutionProperties) = preSolution
		HideSolutionNode = FALSE
	EndGlobalSection
	GlobalSection(ExtensibilityGlobals) = postSolution
		SolutionGuid = {3C160D13-FC09-459D-8F7F-73E60CE36B09}
	EndGlobalSection
EndGlobal
